// !$*UTF8*$!
{
	archiveVersion = 1;
	classes = {
	};
	objectVersion = 50;
	objects = {

/* Begin PBXBuildFile section */
		3675FC902129ACB5001402F3 /* AppDelegate.swift in Sources */ = {isa = PBXBuildFile; fileRef = 3675FC8F2129ACB5001402F3 /* AppDelegate.swift */; };
		3675FC922129ACB5001402F3 /* ViewController.swift in Sources */ = {isa = PBXBuildFile; fileRef = 3675FC912129ACB5001402F3 /* ViewController.swift */; };
		3675FC952129ACB5001402F3 /* Main.storyboard in Resources */ = {isa = PBXBuildFile; fileRef = 3675FC932129ACB5001402F3 /* Main.storyboard */; };
		3675FC982129ACB5001402F3 /* Struct.xcdatamodeld in Sources */ = {isa = PBXBuildFile; fileRef = 3675FC962129ACB5001402F3 /* Struct.xcdatamodeld */; };
		3675FC9A2129ACB6001402F3 /* Assets.xcassets in Resources */ = {isa = PBXBuildFile; fileRef = 3675FC992129ACB6001402F3 /* Assets.xcassets */; };
		3675FC9D2129ACB6001402F3 /* LaunchScreen.storyboard in Resources */ = {isa = PBXBuildFile; fileRef = 3675FC9B2129ACB6001402F3 /* LaunchScreen.storyboard */; };
		3675FCA52129B6D6001402F3 /* StructViewController.swift in Sources */ = {isa = PBXBuildFile; fileRef = 3675FCA42129B6D6001402F3 /* StructViewController.swift */; };
		36C9F35B21F3103D000B31BD /* ModelViewController.swift in Sources */ = {isa = PBXBuildFile; fileRef = 36C9F35A21F3103D000B31BD /* ModelViewController.swift */; };
		36D85468212D45C90053E0E6 /* CreditsViewController.swift in Sources */ = {isa = PBXBuildFile; fileRef = 36D85467212D45C90053E0E6 /* CreditsViewController.swift */; };
		36FB819821FDC394009A1C14 /* iron(iii)chloride.dae in Resources */ = {isa = PBXBuildFile; fileRef = 36FB816C21FDC387009A1C14 /* iron(iii)chloride.dae */; };
		36FB819921FDC394009A1C14 /* iron(ii)sulfate.dae in Resources */ = {isa = PBXBuildFile; fileRef = 36FB816D21FDC387009A1C14 /* iron(ii)sulfate.dae */; };
		36FB819A21FDC394009A1C14 /* antimony.dae in Resources */ = {isa = PBXBuildFile; fileRef = 36FB816E21FDC387009A1C14 /* antimony.dae */; };
		36FB819B21FDC394009A1C14 /* sodiumchloride.dae in Resources */ = {isa = PBXBuildFile; fileRef = 36FB816F21FDC387009A1C14 /* sodiumchloride.dae */; };
		36FB819C21FDC394009A1C14 /* zincoxide.dae in Resources */ = {isa = PBXBuildFile; fileRef = 36FB817021FDC388009A1C14 /* zincoxide.dae */; };
		36FB819D21FDC394009A1C14 /* calciumsulfate.dae in Resources */ = {isa = PBXBuildFile; fileRef = 36FB817121FDC388009A1C14 /* calciumsulfate.dae */; };
		36FB819E21FDC394009A1C14 /* water.dae in Resources */ = {isa = PBXBuildFile; fileRef = 36FB817221FDC388009A1C14 /* water.dae */; };
		36FB819F21FDC394009A1C14 /* lead(ii)sulfate.dae in Resources */ = {isa = PBXBuildFile; fileRef = 36FB817321FDC388009A1C14 /* lead(ii)sulfate.dae */; };
		36FB81A021FDC394009A1C14 /* calciumnitrate.dae in Resources */ = {isa = PBXBuildFile; fileRef = 36FB817421FDC389009A1C14 /* calciumnitrate.dae */; };
		36FB81A121FDC394009A1C14 /* ammoniumnitrate.dae in Resources */ = {isa = PBXBuildFile; fileRef = 36FB817521FDC389009A1C14 /* ammoniumnitrate.dae */; };
		36FB81A221FDC394009A1C14 /* aluminiumoxide.dae in Resources */ = {isa = PBXBuildFile; fileRef = 36FB817621FDC389009A1C14 /* aluminiumoxide.dae */; };
		36FB81A321FDC394009A1C14 /* carbon.dae in Resources */ = {isa = PBXBuildFile; fileRef = 36FB817721FDC389009A1C14 /* carbon.dae */; };
		36FB81A421FDC394009A1C14 /* aluminiumsulfate.dae in Resources */ = {isa = PBXBuildFile; fileRef = 36FB817821FDC38A009A1C14 /* aluminiumsulfate.dae */; };
		36FB81A521FDC394009A1C14 /* bariumsulfate.dae in Resources */ = {isa = PBXBuildFile; fileRef = 36FB817921FDC38A009A1C14 /* bariumsulfate.dae */; };
		36FB81A621FDC394009A1C14 /* bariumchloride.dae in Resources */ = {isa = PBXBuildFile; fileRef = 36FB817A21FDC38A009A1C14 /* bariumchloride.dae */; };
		36FB81A721FDC394009A1C14 /* calciumchloride.dae in Resources */ = {isa = PBXBuildFile; fileRef = 36FB817B21FDC38A009A1C14 /* calciumchloride.dae */; };
		36FB81A821FDC394009A1C14 /* magnessiumchloride.dae in Resources */ = {isa = PBXBuildFile; fileRef = 36FB817C21FDC38A009A1C14 /* magnessiumchloride.dae */; };
		36FB81A921FDC394009A1C14 /* silicon.dae in Resources */ = {isa = PBXBuildFile; fileRef = 36FB817D21FDC38B009A1C14 /* silicon.dae */; };
		36FB81AA21FDC394009A1C14 /* silversulfate.dae in Resources */ = {isa = PBXBuildFile; fileRef = 36FB817E21FDC38B009A1C14 /* silversulfate.dae */; };
		36FB81AB21FDC394009A1C14 /* iron(iii)sulfate.dae in Resources */ = {isa = PBXBuildFile; fileRef = 36FB817F21FDC38B009A1C14 /* iron(iii)sulfate.dae */; };
		36FB81AC21FDC394009A1C14 /* lead(ii)carbonate.dae in Resources */ = {isa = PBXBuildFile; fileRef = 36FB818021FDC38B009A1C14 /* lead(ii)carbonate.dae */; };
		36FB81AD21FDC394009A1C14 /* germanium.dae in Resources */ = {isa = PBXBuildFile; fileRef = 36FB818121FDC38C009A1C14 /* germanium.dae */; };
		36FB81AE21FDC394009A1C14 /* copper(ii)nitrate.dae in Resources */ = {isa = PBXBuildFile; fileRef = 36FB818221FDC38C009A1C14 /* copper(ii)nitrate.dae */; };
		36FB81AF21FDC394009A1C14 /* lead(ii)oxide.dae in Resources */ = {isa = PBXBuildFile; fileRef = 36FB818321FDC38C009A1C14 /* lead(ii)oxide.dae */; };
		36FB81B021FDC394009A1C14 /* iron(ii)chloride.dae in Resources */ = {isa = PBXBuildFile; fileRef = 36FB818421FDC38C009A1C14 /* iron(ii)chloride.dae */; };
		36FB81B121FDC394009A1C14 /* aluminiumchloride.dae in Resources */ = {isa = PBXBuildFile; fileRef = 36FB818521FDC38D009A1C14 /* aluminiumchloride.dae */; };
		36FB81B221FDC394009A1C14 /* potassiumsulfate.dae in Resources */ = {isa = PBXBuildFile; fileRef = 36FB818621FDC38D009A1C14 /* potassiumsulfate.dae */; };
		36FB81B321FDC394009A1C14 /* potassiumcarbonate.dae in Resources */ = {isa = PBXBuildFile; fileRef = 36FB818721FDC38D009A1C14 /* potassiumcarbonate.dae */; };
		36FB81B421FDC394009A1C14 /* silvercarbonate.dae in Resources */ = {isa = PBXBuildFile; fileRef = 36FB818821FDC38E009A1C14 /* silvercarbonate.dae */; };
		36FB81B521FDC394009A1C14 /* zincchloride.dae in Resources */ = {isa = PBXBuildFile; fileRef = 36FB818921FDC38E009A1C14 /* zincchloride.dae */; };
		36FB81B621FDC394009A1C14 /* zincsulfate.dae in Resources */ = {isa = PBXBuildFile; fileRef = 36FB818A21FDC38E009A1C14 /* zincsulfate.dae */; };
		36FB81B721FDC394009A1C14 /* tellurium.dae in Resources */ = {isa = PBXBuildFile; fileRef = 36FB818B21FDC38F009A1C14 /* tellurium.dae */; };
		36FB81B821FDC394009A1C14 /* copper(ii)sulfate.dae in Resources */ = {isa = PBXBuildFile; fileRef = 36FB818C21FDC38F009A1C14 /* copper(ii)sulfate.dae */; };
		36FB81B921FDC394009A1C14 /* silverchloride.dae in Resources */ = {isa = PBXBuildFile; fileRef = 36FB818D21FDC38F009A1C14 /* silverchloride.dae */; };
		36FB81BA21FDC394009A1C14 /* magnesiumsulfate.dae in Resources */ = {isa = PBXBuildFile; fileRef = 36FB818E21FDC390009A1C14 /* magnesiumsulfate.dae */; };
		36FB81BB21FDC394009A1C14 /* boron.dae in Resources */ = {isa = PBXBuildFile; fileRef = 36FB818F21FDC390009A1C14 /* boron.dae */; };
		36FB81BC21FDC394009A1C14 /* silvernitrate.dae in Resources */ = {isa = PBXBuildFile; fileRef = 36FB819021FDC391009A1C14 /* silvernitrate.dae */; };
		36FB81BD21FDC394009A1C14 /* lead(ii)chloride.dae in Resources */ = {isa = PBXBuildFile; fileRef = 36FB819121FDC391009A1C14 /* lead(ii)chloride.dae */; };
		36FB81BE21FDC394009A1C14 /* sodiumnitrate.dae in Resources */ = {isa = PBXBuildFile; fileRef = 36FB819221FDC392009A1C14 /* sodiumnitrate.dae */; };
		36FB81BF21FDC394009A1C14 /* sodiumsulfate.dae in Resources */ = {isa = PBXBuildFile; fileRef = 36FB819321FDC392009A1C14 /* sodiumsulfate.dae */; };
		36FB81C021FDC394009A1C14 /* lead(iv)oxide.dae in Resources */ = {isa = PBXBuildFile; fileRef = 36FB819421FDC393009A1C14 /* lead(iv)oxide.dae */; };
		36FB81C121FDC394009A1C14 /* arsenic.dae in Resources */ = {isa = PBXBuildFile; fileRef = 36FB819521FDC393009A1C14 /* arsenic.dae */; };
		36FB81C221FDC394009A1C14 /* potassiumchloride.dae in Resources */ = {isa = PBXBuildFile; fileRef = 36FB819621FDC393009A1C14 /* potassiumchloride.dae */; };
		36FB81C321FDC394009A1C14 /* bariumcarbonate.dae in Resources */ = {isa = PBXBuildFile; fileRef = 36FB819721FDC393009A1C14 /* bariumcarbonate.dae */; };
/* End PBXBuildFile section */

/* Begin PBXFileReference section */
		3675FC8C2129ACB5001402F3 /* Struct.app */ = {isa = PBXFileReference; explicitFileType = wrapper.application; includeInIndex = 0; path = Struct.app; sourceTree = BUILT_PRODUCTS_DIR; };
		3675FC8F2129ACB5001402F3 /* AppDelegate.swift */ = {isa = PBXFileReference; lastKnownFileType = sourcecode.swift; path = AppDelegate.swift; sourceTree = "<group>"; };
		3675FC912129ACB5001402F3 /* ViewController.swift */ = {isa = PBXFileReference; lastKnownFileType = sourcecode.swift; path = ViewController.swift; sourceTree = "<group>"; };
		3675FC942129ACB5001402F3 /* Base */ = {isa = PBXFileReference; lastKnownFileType = file.storyboard; name = Base; path = Base.lproj/Main.storyboard; sourceTree = "<group>"; };
		3675FC972129ACB5001402F3 /* Struct.xcdatamodel */ = {isa = PBXFileReference; lastKnownFileType = wrapper.xcdatamodel; path = Struct.xcdatamodel; sourceTree = "<group>"; };
		3675FC992129ACB6001402F3 /* Assets.xcassets */ = {isa = PBXFileReference; lastKnownFileType = folder.assetcatalog; path = Assets.xcassets; sourceTree = "<group>"; };
		3675FC9C2129ACB6001402F3 /* Base */ = {isa = PBXFileReference; lastKnownFileType = file.storyboard; name = Base; path = Base.lproj/LaunchScreen.storyboard; sourceTree = "<group>"; };
		3675FC9E2129ACB6001402F3 /* Info.plist */ = {isa = PBXFileReference; lastKnownFileType = text.plist.xml; path = Info.plist; sourceTree = "<group>"; };
		3675FCA42129B6D6001402F3 /* StructViewController.swift */ = {isa = PBXFileReference; lastKnownFileType = sourcecode.swift; path = StructViewController.swift; sourceTree = "<group>"; };
		36C9F35A21F3103D000B31BD /* ModelViewController.swift */ = {isa = PBXFileReference; lastKnownFileType = sourcecode.swift; path = ModelViewController.swift; sourceTree = "<group>"; };
		36D85467212D45C90053E0E6 /* CreditsViewController.swift */ = {isa = PBXFileReference; lastKnownFileType = sourcecode.swift; path = CreditsViewController.swift; sourceTree = "<group>"; usesTabs = 0; };
		36FB816C21FDC387009A1C14 /* iron(iii)chloride.dae */ = {isa = PBXFileReference; fileEncoding = 4; lastKnownFileType = text.xml.dae; path = "iron(iii)chloride.dae"; sourceTree = "<group>"; };
		36FB816D21FDC387009A1C14 /* iron(ii)sulfate.dae */ = {isa = PBXFileReference; fileEncoding = 4; lastKnownFileType = text.xml.dae; path = "iron(ii)sulfate.dae"; sourceTree = "<group>"; };
		36FB816E21FDC387009A1C14 /* antimony.dae */ = {isa = PBXFileReference; fileEncoding = 4; lastKnownFileType = text.xml.dae; path = antimony.dae; sourceTree = "<group>"; };
		36FB816F21FDC387009A1C14 /* sodiumchloride.dae */ = {isa = PBXFileReference; fileEncoding = 4; lastKnownFileType = text.xml.dae; path = sodiumchloride.dae; sourceTree = "<group>"; };
		36FB817021FDC388009A1C14 /* zincoxide.dae */ = {isa = PBXFileReference; fileEncoding = 4; lastKnownFileType = text.xml.dae; path = zincoxide.dae; sourceTree = "<group>"; };
		36FB817121FDC388009A1C14 /* calciumsulfate.dae */ = {isa = PBXFileReference; fileEncoding = 4; lastKnownFileType = text.xml.dae; path = calciumsulfate.dae; sourceTree = "<group>"; };
		36FB817221FDC388009A1C14 /* water.dae */ = {isa = PBXFileReference; fileEncoding = 4; lastKnownFileType = text.xml.dae; path = water.dae; sourceTree = "<group>"; };
		36FB817321FDC388009A1C14 /* lead(ii)sulfate.dae */ = {isa = PBXFileReference; fileEncoding = 4; lastKnownFileType = text.xml.dae; path = "lead(ii)sulfate.dae"; sourceTree = "<group>"; };
		36FB817421FDC389009A1C14 /* calciumnitrate.dae */ = {isa = PBXFileReference; fileEncoding = 4; lastKnownFileType = text.xml.dae; path = calciumnitrate.dae; sourceTree = "<group>"; };
		36FB817521FDC389009A1C14 /* ammoniumnitrate.dae */ = {isa = PBXFileReference; fileEncoding = 4; lastKnownFileType = text.xml.dae; path = ammoniumnitrate.dae; sourceTree = "<group>"; };
		36FB817621FDC389009A1C14 /* aluminiumoxide.dae */ = {isa = PBXFileReference; fileEncoding = 4; lastKnownFileType = text.xml.dae; path = aluminiumoxide.dae; sourceTree = "<group>"; };
		36FB817721FDC389009A1C14 /* carbon.dae */ = {isa = PBXFileReference; fileEncoding = 4; lastKnownFileType = text.xml.dae; path = carbon.dae; sourceTree = "<group>"; };
		36FB817821FDC38A009A1C14 /* aluminiumsulfate.dae */ = {isa = PBXFileReference; fileEncoding = 4; lastKnownFileType = text.xml.dae; path = aluminiumsulfate.dae; sourceTree = "<group>"; };
		36FB817921FDC38A009A1C14 /* bariumsulfate.dae */ = {isa = PBXFileReference; fileEncoding = 4; lastKnownFileType = text.xml.dae; path = bariumsulfate.dae; sourceTree = "<group>"; };
		36FB817A21FDC38A009A1C14 /* bariumchloride.dae */ = {isa = PBXFileReference; fileEncoding = 4; lastKnownFileType = text.xml.dae; path = bariumchloride.dae; sourceTree = "<group>"; };
		36FB817B21FDC38A009A1C14 /* calciumchloride.dae */ = {isa = PBXFileReference; fileEncoding = 4; lastKnownFileType = text.xml.dae; path = calciumchloride.dae; sourceTree = "<group>"; };
		36FB817C21FDC38A009A1C14 /* magnessiumchloride.dae */ = {isa = PBXFileReference; fileEncoding = 4; lastKnownFileType = text.xml.dae; path = magnessiumchloride.dae; sourceTree = "<group>"; };
		36FB817D21FDC38B009A1C14 /* silicon.dae */ = {isa = PBXFileReference; fileEncoding = 4; lastKnownFileType = text.xml.dae; path = silicon.dae; sourceTree = "<group>"; };
		36FB817E21FDC38B009A1C14 /* silversulfate.dae */ = {isa = PBXFileReference; fileEncoding = 4; lastKnownFileType = text.xml.dae; path = silversulfate.dae; sourceTree = "<group>"; };
		36FB817F21FDC38B009A1C14 /* iron(iii)sulfate.dae */ = {isa = PBXFileReference; fileEncoding = 4; lastKnownFileType = text.xml.dae; path = "iron(iii)sulfate.dae"; sourceTree = "<group>"; };
		36FB818021FDC38B009A1C14 /* lead(ii)carbonate.dae */ = {isa = PBXFileReference; fileEncoding = 4; lastKnownFileType = text.xml.dae; path = "lead(ii)carbonate.dae"; sourceTree = "<group>"; };
		36FB818121FDC38C009A1C14 /* germanium.dae */ = {isa = PBXFileReference; fileEncoding = 4; lastKnownFileType = text.xml.dae; path = germanium.dae; sourceTree = "<group>"; };
		36FB818221FDC38C009A1C14 /* copper(ii)nitrate.dae */ = {isa = PBXFileReference; fileEncoding = 4; lastKnownFileType = text.xml.dae; path = "copper(ii)nitrate.dae"; sourceTree = "<group>"; };
		36FB818321FDC38C009A1C14 /* lead(ii)oxide.dae */ = {isa = PBXFileReference; fileEncoding = 4; lastKnownFileType = text.xml.dae; path = "lead(ii)oxide.dae"; sourceTree = "<group>"; };
		36FB818421FDC38C009A1C14 /* iron(ii)chloride.dae */ = {isa = PBXFileReference; fileEncoding = 4; lastKnownFileType = text.xml.dae; path = "iron(ii)chloride.dae"; sourceTree = "<group>"; };
		36FB818521FDC38D009A1C14 /* aluminiumchloride.dae */ = {isa = PBXFileReference; fileEncoding = 4; lastKnownFileType = text.xml.dae; path = aluminiumchloride.dae; sourceTree = "<group>"; };
		36FB818621FDC38D009A1C14 /* potassiumsulfate.dae */ = {isa = PBXFileReference; fileEncoding = 4; lastKnownFileType = text.xml.dae; path = potassiumsulfate.dae; sourceTree = "<group>"; };
		36FB818721FDC38D009A1C14 /* potassiumcarbonate.dae */ = {isa = PBXFileReference; fileEncoding = 4; lastKnownFileType = text.xml.dae; path = potassiumcarbonate.dae; sourceTree = "<group>"; };
		36FB818821FDC38E009A1C14 /* silvercarbonate.dae */ = {isa = PBXFileReference; fileEncoding = 4; lastKnownFileType = text.xml.dae; path = silvercarbonate.dae; sourceTree = "<group>"; };
		36FB818921FDC38E009A1C14 /* zincchloride.dae */ = {isa = PBXFileReference; fileEncoding = 4; lastKnownFileType = text.xml.dae; path = zincchloride.dae; sourceTree = "<group>"; };
		36FB818A21FDC38E009A1C14 /* zincsulfate.dae */ = {isa = PBXFileReference; fileEncoding = 4; lastKnownFileType = text.xml.dae; path = zincsulfate.dae; sourceTree = "<group>"; };
		36FB818B21FDC38F009A1C14 /* tellurium.dae */ = {isa = PBXFileReference; fileEncoding = 4; lastKnownFileType = text.xml.dae; path = tellurium.dae; sourceTree = "<group>"; };
		36FB818C21FDC38F009A1C14 /* copper(ii)sulfate.dae */ = {isa = PBXFileReference; fileEncoding = 4; lastKnownFileType = text.xml.dae; path = "copper(ii)sulfate.dae"; sourceTree = "<group>"; };
		36FB818D21FDC38F009A1C14 /* silverchloride.dae */ = {isa = PBXFileReference; fileEncoding = 4; lastKnownFileType = text.xml.dae; path = silverchloride.dae; sourceTree = "<group>"; };
		36FB818E21FDC390009A1C14 /* magnesiumsulfate.dae */ = {isa = PBXFileReference; fileEncoding = 4; lastKnownFileType = text.xml.dae; path = magnesiumsulfate.dae; sourceTree = "<group>"; };
		36FB818F21FDC390009A1C14 /* boron.dae */ = {isa = PBXFileReference; fileEncoding = 4; lastKnownFileType = text.xml.dae; path = boron.dae; sourceTree = "<group>"; };
		36FB819021FDC391009A1C14 /* silvernitrate.dae */ = {isa = PBXFileReference; fileEncoding = 4; lastKnownFileType = text.xml.dae; path = silvernitrate.dae; sourceTree = "<group>"; };
		36FB819121FDC391009A1C14 /* lead(ii)chloride.dae */ = {isa = PBXFileReference; fileEncoding = 4; lastKnownFileType = text.xml.dae; path = "lead(ii)chloride.dae"; sourceTree = "<group>"; };
		36FB819221FDC392009A1C14 /* sodiumnitrate.dae */ = {isa = PBXFileReference; fileEncoding = 4; lastKnownFileType = text.xml.dae; path = sodiumnitrate.dae; sourceTree = "<group>"; };
		36FB819321FDC392009A1C14 /* sodiumsulfate.dae */ = {isa = PBXFileReference; fileEncoding = 4; lastKnownFileType = text.xml.dae; path = sodiumsulfate.dae; sourceTree = "<group>"; };
		36FB819421FDC393009A1C14 /* lead(iv)oxide.dae */ = {isa = PBXFileReference; fileEncoding = 4; lastKnownFileType = text.xml.dae; path = "lead(iv)oxide.dae"; sourceTree = "<group>"; };
		36FB819521FDC393009A1C14 /* arsenic.dae */ = {isa = PBXFileReference; fileEncoding = 4; lastKnownFileType = text.xml.dae; path = arsenic.dae; sourceTree = "<group>"; };
		36FB819621FDC393009A1C14 /* potassiumchloride.dae */ = {isa = PBXFileReference; fileEncoding = 4; lastKnownFileType = text.xml.dae; path = potassiumchloride.dae; sourceTree = "<group>"; };
		36FB819721FDC393009A1C14 /* bariumcarbonate.dae */ = {isa = PBXFileReference; fileEncoding = 4; lastKnownFileType = text.xml.dae; path = bariumcarbonate.dae; sourceTree = "<group>"; };
/* End PBXFileReference section */

/* Begin PBXFrameworksBuildPhase section */
		3675FC892129ACB5001402F3 /* Frameworks */ = {
			isa = PBXFrameworksBuildPhase;
			buildActionMask = 2147483647;
			files = (
			);
			runOnlyForDeploymentPostprocessing = 0;
		};
/* End PBXFrameworksBuildPhase section */

/* Begin PBXGroup section */
		3675FC832129ACB5001402F3 = {
			isa = PBXGroup;
			children = (
				3675FC8E2129ACB5001402F3 /* Struct */,
				3675FC8D2129ACB5001402F3 /* Products */,
				36FB818521FDC38D009A1C14 /* aluminiumchloride.dae */,
				36FB817621FDC389009A1C14 /* aluminiumoxide.dae */,
				36FB817821FDC38A009A1C14 /* aluminiumsulfate.dae */,
				36FB817521FDC389009A1C14 /* ammoniumnitrate.dae */,
				36FB816E21FDC387009A1C14 /* antimony.dae */,
				36FB819521FDC393009A1C14 /* arsenic.dae */,
				36FB819721FDC393009A1C14 /* bariumcarbonate.dae */,
				36FB817A21FDC38A009A1C14 /* bariumchloride.dae */,
				36FB817921FDC38A009A1C14 /* bariumsulfate.dae */,
				36FB818F21FDC390009A1C14 /* boron.dae */,
				36FB817B21FDC38A009A1C14 /* calciumchloride.dae */,
				36FB817421FDC389009A1C14 /* calciumnitrate.dae */,
				36FB817121FDC388009A1C14 /* calciumsulfate.dae */,
				36FB817721FDC389009A1C14 /* carbon.dae */,
				36FB818221FDC38C009A1C14 /* copper(ii)nitrate.dae */,
				36FB818C21FDC38F009A1C14 /* copper(ii)sulfate.dae */,
				36FB818121FDC38C009A1C14 /* germanium.dae */,
				36FB818421FDC38C009A1C14 /* iron(ii)chloride.dae */,
				36FB816D21FDC387009A1C14 /* iron(ii)sulfate.dae */,
				36FB816C21FDC387009A1C14 /* iron(iii)chloride.dae */,
				36FB817F21FDC38B009A1C14 /* iron(iii)sulfate.dae */,
				36FB818021FDC38B009A1C14 /* lead(ii)carbonate.dae */,
				36FB819121FDC391009A1C14 /* lead(ii)chloride.dae */,
				36FB818321FDC38C009A1C14 /* lead(ii)oxide.dae */,
				36FB817321FDC388009A1C14 /* lead(ii)sulfate.dae */,
				36FB819421FDC393009A1C14 /* lead(iv)oxide.dae */,
				36FB818E21FDC390009A1C14 /* magnesiumsulfate.dae */,
				36FB817C21FDC38A009A1C14 /* magnessiumchloride.dae */,
				36FB818721FDC38D009A1C14 /* potassiumcarbonate.dae */,
				36FB819621FDC393009A1C14 /* potassiumchloride.dae */,
				36FB818621FDC38D009A1C14 /* potassiumsulfate.dae */,
				36FB817D21FDC38B009A1C14 /* silicon.dae */,
				36FB818821FDC38E009A1C14 /* silvercarbonate.dae */,
				36FB818D21FDC38F009A1C14 /* silverchloride.dae */,
				36FB819021FDC391009A1C14 /* silvernitrate.dae */,
				36FB817E21FDC38B009A1C14 /* silversulfate.dae */,
				36FB816F21FDC387009A1C14 /* sodiumchloride.dae */,
				36FB819221FDC392009A1C14 /* sodiumnitrate.dae */,
				36FB819321FDC392009A1C14 /* sodiumsulfate.dae */,
				36FB818B21FDC38F009A1C14 /* tellurium.dae */,
				36FB817221FDC388009A1C14 /* water.dae */,
				36FB818921FDC38E009A1C14 /* zincchloride.dae */,
				36FB817021FDC388009A1C14 /* zincoxide.dae */,
				36FB818A21FDC38E009A1C14 /* zincsulfate.dae */,
			);
			sourceTree = "<group>";
		};
		3675FC8D2129ACB5001402F3 /* Products */ = {
			isa = PBXGroup;
			children = (
				3675FC8C2129ACB5001402F3 /* Struct.app */,
			);
			name = Products;
			sourceTree = "<group>";
		};
		3675FC8E2129ACB5001402F3 /* Struct */ = {
			isa = PBXGroup;
			children = (
				3675FC8F2129ACB5001402F3 /* AppDelegate.swift */,
				3675FC912129ACB5001402F3 /* ViewController.swift */,
				3675FCA42129B6D6001402F3 /* StructViewController.swift */,
				36D85467212D45C90053E0E6 /* CreditsViewController.swift */,
				36C9F35A21F3103D000B31BD /* ModelViewController.swift */,
				3675FC932129ACB5001402F3 /* Main.storyboard */,
				3675FC992129ACB6001402F3 /* Assets.xcassets */,
				3675FC9B2129ACB6001402F3 /* LaunchScreen.storyboard */,
				3675FC9E2129ACB6001402F3 /* Info.plist */,
				3675FC962129ACB5001402F3 /* Struct.xcdatamodeld */,
			);
			path = Struct;
			sourceTree = "<group>";
		};
/* End PBXGroup section */

/* Begin PBXNativeTarget section */
		3675FC8B2129ACB5001402F3 /* Struct */ = {
			isa = PBXNativeTarget;
			buildConfigurationList = 3675FCA12129ACB6001402F3 /* Build configuration list for PBXNativeTarget "Struct" */;
			buildPhases = (
				3675FC882129ACB5001402F3 /* Sources */,
				3675FC892129ACB5001402F3 /* Frameworks */,
				3675FC8A2129ACB5001402F3 /* Resources */,
			);
			buildRules = (
			);
			dependencies = (
			);
			name = Struct;
			productName = Struct;
			productReference = 3675FC8C2129ACB5001402F3 /* Struct.app */;
			productType = "com.apple.product-type.application";
		};
/* End PBXNativeTarget section */

/* Begin PBXProject section */
		3675FC842129ACB5001402F3 /* Project object */ = {
			isa = PBXProject;
			attributes = {
				LastSwiftUpdateCheck = 0940;
				LastUpgradeCheck = 0940;
				ORGANIZATIONNAME = "Wong Hong Ngai";
				TargetAttributes = {
					3675FC8B2129ACB5001402F3 = {
						CreatedOnToolsVersion = 9.4.1;
						LastSwiftMigration = 1000;
					};
				};
			};
			buildConfigurationList = 3675FC872129ACB5001402F3 /* Build configuration list for PBXProject "Struct" */;
			compatibilityVersion = "Xcode 9.3";
			developmentRegion = en;
			hasScannedForEncodings = 0;
			knownRegions = (
				en,
				Base,
			);
			mainGroup = 3675FC832129ACB5001402F3;
			productRefGroup = 3675FC8D2129ACB5001402F3 /* Products */;
			projectDirPath = "";
			projectRoot = "";
			targets = (
				3675FC8B2129ACB5001402F3 /* Struct */,
			);
		};
/* End PBXProject section */

/* Begin PBXResourcesBuildPhase section */
		3675FC8A2129ACB5001402F3 /* Resources */ = {
			isa = PBXResourcesBuildPhase;
			buildActionMask = 2147483647;
			files = (
				3675FC9D2129ACB6001402F3 /* LaunchScreen.storyboard in Resources */,
				36FB81A421FDC394009A1C14 /* aluminiumsulfate.dae in Resources */,
				3675FC9A2129ACB6001402F3 /* Assets.xcassets in Resources */,
				36FB81BE21FDC394009A1C14 /* sodiumnitrate.dae in Resources */,
				36FB81C121FDC394009A1C14 /* arsenic.dae in Resources */,
				36FB819C21FDC394009A1C14 /* zincoxide.dae in Resources */,
				36FB81A621FDC394009A1C14 /* bariumchloride.dae in Resources */,
				36FB81A821FDC394009A1C14 /* magnessiumchloride.dae in Resources */,
				36FB81A321FDC394009A1C14 /* carbon.dae in Resources */,
				36FB81C321FDC394009A1C14 /* bariumcarbonate.dae in Resources */,
				36FB81AB21FDC394009A1C14 /* iron(iii)sulfate.dae in Resources */,
				36FB81AF21FDC394009A1C14 /* lead(ii)oxide.dae in Resources */,
				3675FC952129ACB5001402F3 /* Main.storyboard in Resources */,
				36FB81AA21FDC394009A1C14 /* silversulfate.dae in Resources */,
				36FB81B221FDC394009A1C14 /* potassiumsulfate.dae in Resources */,
				36FB81B321FDC394009A1C14 /* potassiumcarbonate.dae in Resources */,
				36FB81BC21FDC394009A1C14 /* silvernitrate.dae in Resources */,
				36FB819B21FDC394009A1C14 /* sodiumchloride.dae in Resources */,
				36FB819F21FDC394009A1C14 /* lead(ii)sulfate.dae in Resources */,
				36FB81B421FDC394009A1C14 /* silvercarbonate.dae in Resources */,
				36FB819A21FDC394009A1C14 /* antimony.dae in Resources */,
				36FB81BF21FDC394009A1C14 /* sodiumsulfate.dae in Resources */,
				36FB819E21FDC394009A1C14 /* water.dae in Resources */,
				36FB81BA21FDC394009A1C14 /* magnesiumsulfate.dae in Resources */,
				36FB81A721FDC394009A1C14 /* calciumchloride.dae in Resources */,
				36FB81A521FDC394009A1C14 /* bariumsulfate.dae in Resources */,
				36FB81C021FDC394009A1C14 /* lead(iv)oxide.dae in Resources */,
				36FB81AE21FDC394009A1C14 /* copper(ii)nitrate.dae in Resources */,
				36FB81B821FDC394009A1C14 /* copper(ii)sulfate.dae in Resources */,
				36FB81A221FDC394009A1C14 /* aluminiumoxide.dae in Resources */,
				36FB819D21FDC394009A1C14 /* calciumsulfate.dae in Resources */,
				36FB81C221FDC394009A1C14 /* potassiumchloride.dae in Resources */,
				36FB81AD21FDC394009A1C14 /* germanium.dae in Resources */,
				36FB81BD21FDC394009A1C14 /* lead(ii)chloride.dae in Resources */,
				36FB81B121FDC394009A1C14 /* aluminiumchloride.dae in Resources */,
				36FB81B721FDC394009A1C14 /* tellurium.dae in Resources */,
				36FB81B521FDC394009A1C14 /* zincchloride.dae in Resources */,
				36FB81B021FDC394009A1C14 /* iron(ii)chloride.dae in Resources */,
				36FB81A121FDC394009A1C14 /* ammoniumnitrate.dae in Resources */,
				36FB819821FDC394009A1C14 /* iron(iii)chloride.dae in Resources */,
				36FB819921FDC394009A1C14 /* iron(ii)sulfate.dae in Resources */,
				36FB81B921FDC394009A1C14 /* silverchloride.dae in Resources */,
				36FB81AC21FDC394009A1C14 /* lead(ii)carbonate.dae in Resources */,
				36FB81BB21FDC394009A1C14 /* boron.dae in Resources */,
				36FB81A021FDC394009A1C14 /* calciumnitrate.dae in Resources */,
				36FB81A921FDC394009A1C14 /* silicon.dae in Resources */,
				36FB81B621FDC394009A1C14 /* zincsulfate.dae in Resources */,
			);
			runOnlyForDeploymentPostprocessing = 0;
		};
/* End PBXResourcesBuildPhase section */

/* Begin PBXSourcesBuildPhase section */
		3675FC882129ACB5001402F3 /* Sources */ = {
			isa = PBXSourcesBuildPhase;
			buildActionMask = 2147483647;
			files = (
				3675FC922129ACB5001402F3 /* ViewController.swift in Sources */,
				3675FCA52129B6D6001402F3 /* StructViewController.swift in Sources */,
				36C9F35B21F3103D000B31BD /* ModelViewController.swift in Sources */,
				3675FC902129ACB5001402F3 /* AppDelegate.swift in Sources */,
				3675FC982129ACB5001402F3 /* Struct.xcdatamodeld in Sources */,
				36D85468212D45C90053E0E6 /* CreditsViewController.swift in Sources */,
			);
			runOnlyForDeploymentPostprocessing = 0;
		};
/* End PBXSourcesBuildPhase section */

/* Begin PBXVariantGroup section */
		3675FC932129ACB5001402F3 /* Main.storyboard */ = {
			isa = PBXVariantGroup;
			children = (
				3675FC942129ACB5001402F3 /* Base */,
			);
			name = Main.storyboard;
			sourceTree = "<group>";
		};
		3675FC9B2129ACB6001402F3 /* LaunchScreen.storyboard */ = {
			isa = PBXVariantGroup;
			children = (
				3675FC9C2129ACB6001402F3 /* Base */,
			);
			name = LaunchScreen.storyboard;
			sourceTree = "<group>";
		};
/* End PBXVariantGroup section */

/* Begin XCBuildConfiguration section */
		3675FC9F2129ACB6001402F3 /* Debug */ = {
			isa = XCBuildConfiguration;
			buildSettings = {
				ALWAYS_SEARCH_USER_PATHS = NO;
				CLANG_ANALYZER_NONNULL = YES;
				CLANG_ANALYZER_NUMBER_OBJECT_CONVERSION = YES_AGGRESSIVE;
				CLANG_CXX_LANGUAGE_STANDARD = "gnu++14";
				CLANG_CXX_LIBRARY = "libc++";
				CLANG_ENABLE_MODULES = YES;
				CLANG_ENABLE_OBJC_ARC = YES;
				CLANG_ENABLE_OBJC_WEAK = YES;
				CLANG_WARN_BLOCK_CAPTURE_AUTORELEASING = YES;
				CLANG_WARN_BOOL_CONVERSION = YES;
				CLANG_WARN_COMMA = YES;
				CLANG_WARN_CONSTANT_CONVERSION = YES;
				CLANG_WARN_DEPRECATED_OBJC_IMPLEMENTATIONS = YES;
				CLANG_WARN_DIRECT_OBJC_ISA_USAGE = YES_ERROR;
				CLANG_WARN_DOCUMENTATION_COMMENTS = YES;
				CLANG_WARN_EMPTY_BODY = YES;
				CLANG_WARN_ENUM_CONVERSION = YES;
				CLANG_WARN_INFINITE_RECURSION = YES;
				CLANG_WARN_INT_CONVERSION = YES;
				CLANG_WARN_NON_LITERAL_NULL_CONVERSION = YES;
				CLANG_WARN_OBJC_IMPLICIT_RETAIN_SELF = YES;
				CLANG_WARN_OBJC_LITERAL_CONVERSION = YES;
				CLANG_WARN_OBJC_ROOT_CLASS = YES_ERROR;
				CLANG_WARN_RANGE_LOOP_ANALYSIS = YES;
				CLANG_WARN_STRICT_PROTOTYPES = YES;
				CLANG_WARN_SUSPICIOUS_MOVE = YES;
				CLANG_WARN_UNGUARDED_AVAILABILITY = YES_AGGRESSIVE;
				CLANG_WARN_UNREACHABLE_CODE = YES;
				CLANG_WARN__DUPLICATE_METHOD_MATCH = YES;
				CODE_SIGN_IDENTITY = "iPhone Developer";
				COPY_PHASE_STRIP = NO;
				DEBUG_INFORMATION_FORMAT = dwarf;
				ENABLE_STRICT_OBJC_MSGSEND = YES;
				ENABLE_TESTABILITY = YES;
				GCC_C_LANGUAGE_STANDARD = gnu11;
				GCC_DYNAMIC_NO_PIC = NO;
				GCC_NO_COMMON_BLOCKS = YES;
				GCC_OPTIMIZATION_LEVEL = 0;
				GCC_PREPROCESSOR_DEFINITIONS = (
					"DEBUG=1",
					"$(inherited)",
				);
				GCC_WARN_64_TO_32_BIT_CONVERSION = YES;
				GCC_WARN_ABOUT_RETURN_TYPE = YES_ERROR;
				GCC_WARN_UNDECLARED_SELECTOR = YES;
				GCC_WARN_UNINITIALIZED_AUTOS = YES_AGGRESSIVE;
				GCC_WARN_UNUSED_FUNCTION = YES;
				GCC_WARN_UNUSED_VARIABLE = YES;
				IPHONEOS_DEPLOYMENT_TARGET = 11.4;
				MTL_ENABLE_DEBUG_INFO = YES;
				ONLY_ACTIVE_ARCH = YES;
				SDKROOT = iphoneos;
				SWIFT_ACTIVE_COMPILATION_CONDITIONS = DEBUG;
				SWIFT_OPTIMIZATION_LEVEL = "-Onone";
			};
			name = Debug;
		};
		3675FCA02129ACB6001402F3 /* Release */ = {
			isa = XCBuildConfiguration;
			buildSettings = {
				ALWAYS_SEARCH_USER_PATHS = NO;
				CLANG_ANALYZER_NONNULL = YES;
				CLANG_ANALYZER_NUMBER_OBJECT_CONVERSION = YES_AGGRESSIVE;
				CLANG_CXX_LANGUAGE_STANDARD = "gnu++14";
				CLANG_CXX_LIBRARY = "libc++";
				CLANG_ENABLE_MODULES = YES;
				CLANG_ENABLE_OBJC_ARC = YES;
				CLANG_ENABLE_OBJC_WEAK = YES;
				CLANG_WARN_BLOCK_CAPTURE_AUTORELEASING = YES;
				CLANG_WARN_BOOL_CONVERSION = YES;
				CLANG_WARN_COMMA = YES;
				CLANG_WARN_CONSTANT_CONVERSION = YES;
				CLANG_WARN_DEPRECATED_OBJC_IMPLEMENTATIONS = YES;
				CLANG_WARN_DIRECT_OBJC_ISA_USAGE = YES_ERROR;
				CLANG_WARN_DOCUMENTATION_COMMENTS = YES;
				CLANG_WARN_EMPTY_BODY = YES;
				CLANG_WARN_ENUM_CONVERSION = YES;
				CLANG_WARN_INFINITE_RECURSION = YES;
				CLANG_WARN_INT_CONVERSION = YES;
				CLANG_WARN_NON_LITERAL_NULL_CONVERSION = YES;
				CLANG_WARN_OBJC_IMPLICIT_RETAIN_SELF = YES;
				CLANG_WARN_OBJC_LITERAL_CONVERSION = YES;
				CLANG_WARN_OBJC_ROOT_CLASS = YES_ERROR;
				CLANG_WARN_RANGE_LOOP_ANALYSIS = YES;
				CLANG_WARN_STRICT_PROTOTYPES = YES;
				CLANG_WARN_SUSPICIOUS_MOVE = YES;
				CLANG_WARN_UNGUARDED_AVAILABILITY = YES_AGGRESSIVE;
				CLANG_WARN_UNREACHABLE_CODE = YES;
				CLANG_WARN__DUPLICATE_METHOD_MATCH = YES;
				CODE_SIGN_IDENTITY = "iPhone Developer";
				COPY_PHASE_STRIP = NO;
				DEBUG_INFORMATION_FORMAT = "dwarf-with-dsym";
				ENABLE_NS_ASSERTIONS = NO;
				ENABLE_STRICT_OBJC_MSGSEND = YES;
				GCC_C_LANGUAGE_STANDARD = gnu11;
				GCC_NO_COMMON_BLOCKS = YES;
				GCC_WARN_64_TO_32_BIT_CONVERSION = YES;
				GCC_WARN_ABOUT_RETURN_TYPE = YES_ERROR;
				GCC_WARN_UNDECLARED_SELECTOR = YES;
				GCC_WARN_UNINITIALIZED_AUTOS = YES_AGGRESSIVE;
				GCC_WARN_UNUSED_FUNCTION = YES;
				GCC_WARN_UNUSED_VARIABLE = YES;
				IPHONEOS_DEPLOYMENT_TARGET = 11.4;
				MTL_ENABLE_DEBUG_INFO = NO;
				SDKROOT = iphoneos;
				SWIFT_COMPILATION_MODE = wholemodule;
				SWIFT_OPTIMIZATION_LEVEL = "-O";
				VALIDATE_PRODUCT = YES;
			};
			name = Release;
		};
		3675FCA22129ACB6001402F3 /* Debug */ = {
			isa = XCBuildConfiguration;
			buildSettings = {
				ASSETCATALOG_COMPILER_APPICON_NAME = AppIcon;
				CODE_SIGN_STYLE = Automatic;
				INFOPLIST_FILE = Struct/Info.plist;
				IPHONEOS_DEPLOYMENT_TARGET = 10.0;
				LD_RUNPATH_SEARCH_PATHS = (
					"$(inherited)",
					"@executable_path/Frameworks",
				);
				PRODUCT_BUNDLE_IDENTIFIER = slackerz.Struct;
				PRODUCT_NAME = "$(TARGET_NAME)";
				SWIFT_VERSION = 4.2;
				TARGETED_DEVICE_FAMILY = "1,2";
			};
			name = Debug;
		};
		3675FCA32129ACB6001402F3 /* Release */ = {
			isa = XCBuildConfiguration;
			buildSettings = {
				ASSETCATALOG_COMPILER_APPICON_NAME = AppIcon;
				CODE_SIGN_STYLE = Automatic;
				INFOPLIST_FILE = Struct/Info.plist;
				IPHONEOS_DEPLOYMENT_TARGET = 10.0;
				LD_RUNPATH_SEARCH_PATHS = (
					"$(inherited)",
					"@executable_path/Frameworks",
				);
				PRODUCT_BUNDLE_IDENTIFIER = slackerz.Struct;
				PRODUCT_NAME = "$(TARGET_NAME)";
				SWIFT_VERSION = 4.2;
				TARGETED_DEVICE_FAMILY = "1,2";
			};
			name = Release;
		};
/* End XCBuildConfiguration section */

/* Begin XCConfigurationList section */
		3675FC872129ACB5001402F3 /* Build configuration list for PBXProject "Struct" */ = {
			isa = XCConfigurationList;
			buildConfigurations = (
				3675FC9F2129ACB6001402F3 /* Debug */,
				3675FCA02129ACB6001402F3 /* Release */,
			);
			defaultConfigurationIsVisible = 0;
			defaultConfigurationName = Release;
		};
		3675FCA12129ACB6001402F3 /* Build configuration list for PBXNativeTarget "Struct" */ = {
			isa = XCConfigurationList;
			buildConfigurations = (
				3675FCA22129ACB6001402F3 /* Debug */,
				3675FCA32129ACB6001402F3 /* Release */,
			);
			defaultConfigurationIsVisible = 0;
			defaultConfigurationName = Release;
		};
/* End XCConfigurationList section */

/* Begin XCVersionGroup section */
		3675FC962129ACB5001402F3 /* Struct.xcdatamodeld */ = {
			isa = XCVersionGroup;
			children = (
				3675FC972129ACB5001402F3 /* Struct.xcdatamodel */,
			);
			currentVersion = 3675FC972129ACB5001402F3 /* Struct.xcdatamodel */;
			path = Struct.xcdatamodeld;
			sourceTree = "<group>";
			versionGroupType = wrapper.xcdatamodel;
		};
/* End XCVersionGroup section */
	};
	rootObject = 3675FC842129ACB5001402F3 /* Project object */;
}
